
Microsoft Visual Studio Solution File, Format Version 12.00
# Visual Studio Version 17
VisualStudioVersion = 17.8.34330.188
MinimumVisualStudioVersion = 10.0.40219.1
Project("{9A19103F-16F7-4668-BE54-9A1E7A4F7556}") = "ratelimitapi", "ratelimitapi.csproj", "{9B021F3A-9D60-4430-B5B0-CD3D8CD2898B}"
EndProject
Global
	GlobalSection(SolutionConfigurationPlatforms) = preSolution
		Debug|Any CPU = Debug|Any CPU
		Release|Any CPU = Release|Any CPU
	EndGlobalSection
	GlobalSection(ProjectConfigurationPlatforms) = postSolution
		{9B021F3A-9D60-4430-B5B0-CD3D8CD2898B}.Debug|Any CPU.ActiveCfg = Debug|Any CPU
		{9B021F3A-9D60-4430-B5B0-CD3D8CD2898B}.Debug|Any CPU.Build.0 = Debug|Any CPU
		{9B021F3A-9D60-4430-B5B0-CD3D8CD2898B}.Release|Any CPU.ActiveCfg = Release|Any CPU
		{9B021F3A-9D60-4430-B5B0-CD3D8CD2898B}.Release|Any CPU.Build.0 = Release|Any CPU
	EndGlobalSection
	GlobalSection(SolutionProperties) = preSolution
		HideSolutionNode = FALSE
	EndGlobalSection
	GlobalSection(ExtensibilityGlobals) = postSolution
		SolutionGuid = {5FB89DA7-3854-41F4-9F4B-14FCBB85FE1A}
	EndGlobalSection
EndGlobal
