
Microsoft Visual Studio Solution File, Format Version 12.00
# Visual Studio Version 17
VisualStudioVersion = 17.8.34330.188
MinimumVisualStudioVersion = 10.0.40219.1
Project("{9A19103F-16F7-4668-BE54-9A1E7A4F7556}") = "rbacapp", "rbacapp.csproj", "{BA878A5C-6BA6-42E9-9D07-84C15F4AB75E}"
EndProject
Global
	GlobalSection(SolutionConfigurationPlatforms) = preSolution
		Debug|Any CPU = Debug|Any CPU
		Release|Any CPU = Release|Any CPU
	EndGlobalSection
	GlobalSection(ProjectConfigurationPlatforms) = postSolution
		{BA878A5C-6BA6-42E9-9D07-84C15F4AB75E}.Debug|Any CPU.ActiveCfg = Debug|Any CPU
		{BA878A5C-6BA6-42E9-9D07-84C15F4AB75E}.Debug|Any CPU.Build.0 = Debug|Any CPU
		{BA878A5C-6BA6-42E9-9D07-84C15F4AB75E}.Release|Any CPU.ActiveCfg = Release|Any CPU
		{BA878A5C-6BA6-42E9-9D07-84C15F4AB75E}.Release|Any CPU.Build.0 = Release|Any CPU
	EndGlobalSection
	GlobalSection(SolutionProperties) = preSolution
		HideSolutionNode = FALSE
	EndGlobalSection
	GlobalSection(ExtensibilityGlobals) = postSolution
		SolutionGuid = {E09FCF26-120D-4087-8F54-A48946492953}
	EndGlobalSection
EndGlobal
